
Microsoft Visual Studio Solution File, Format Version 12.00
# Visual Studio Version 17
VisualStudioVersion = 17.8.34316.72
MinimumVisualStudioVersion = 10.0.40219.1
Project("{FAE04EC0-301F-11D3-BF4B-00C04F79EFBC}") = "HotelListing.API", "HotelListing.API\HotelListing.API.csproj", "{3F753B42-30C4-4EC0-AD2E-5789E0047035}"
EndProject
Global
	GlobalSection(SolutionConfigurationPlatforms) = preSolution
		Debug|Any CPU = Debug|Any CPU
		Release|Any CPU = Release|Any CPU
	EndGlobalSection
	GlobalSection(ProjectConfigurationPlatforms) = postSolution
		{3F753B42-30C4-4EC0-AD2E-5789E0047035}.Debug|Any CPU.ActiveCfg = Debug|Any CPU
		{3F753B42-30C4-4EC0-AD2E-5789E0047035}.Debug|Any CPU.Build.0 = Debug|Any CPU
		{3F753B42-30C4-4EC0-AD2E-5789E0047035}.Release|Any CPU.ActiveCfg = Release|Any CPU
		{3F753B42-30C4-4EC0-AD2E-5789E0047035}.Release|Any CPU.Build.0 = Release|Any CPU
	EndGlobalSection
	GlobalSection(SolutionProperties) = preSolution
		HideSolutionNode = FALSE
	EndGlobalSection
	GlobalSection(ExtensibilityGlobals) = postSolution
		SolutionGuid = {238DE4CE-0D42-4EB3-A5E2-37EC4A3699B5}
	EndGlobalSection
EndGlobal
